# This file is autogenerated, do not edit; changes may be undone by the next 'dep ensure'.


[[projects]]
  name = "github.com/aws/aws-sdk-go"
  packages = ["aws","aws/awserr","aws/awsutil","aws/client/metadata","aws/credentials","aws/endpoints","aws/request","aws/signer/v4","internal/context","internal/ini","internal/sdkio","internal/sdkmath","internal/shareddefaults","internal/strings","internal/sync/singleflight","private/protocol","private/protocol/rest"]
  revision = "3a4a852225f414745592da4949d411c14b0ba753"
  version = "v1.34.5"

[[projects]]
  name = "github.com/fsnotify/fsnotify"
  packages = ["."]
  revision = "45d7d09e39ef4ac08d493309fa031790c15bfe8a"
  version = "v1.4.9"

[[projects]]
  name = "github.com/go-stack/stack"
  packages = ["."]
  revision = "2fee6af1a9795aafbe0253a0cfbdf668e1fb8a9a"
  version = "v1.8.0"

[[projects]]
  name = "github.com/golang/snappy"
  packages = ["."]
  revision = "2a8bb927dd31d8daada140a5d09578521ce5c36a"
  version = "v0.0.1"

[[projects]]
  name = "github.com/hashicorp/hcl"
  packages = [".","hcl/ast","hcl/parser","hcl/printer","hcl/scanner","hcl/strconv","hcl/token","json/parser","json/scanner","json/token"]
  revision = "8cb6e5b959231cc1119e43259c4a608f9c51a241"
  version = "v1.0.0"

[[projects]]
  name = "github.com/jmespath/go-jmespath"
  packages = ["."]
  revision = "c2b33e84"

[[projects]]
  name = "github.com/klauspost/compress"
  packages = ["fse","huff0","snappy","zstd","zstd/internal/xxhash"]
  revision = "e0319150c61f7f25672c963b38547246a11a7f08"
  version = "v1.10.11"

[[projects]]
  name = "github.com/labstack/echo"
  packages = ["."]
  revision = "6e7c7cea03c4ac9d551c98d92fc4168888b8e2d5"
  version = "v4.1.16"

[[projects]]
  name = "github.com/labstack/gommon"
  packages = ["color","log"]
  revision = "4919956f6fb227b548f004da27c7c6b20fba499f"
  version = "v0.3.0"

[[projects]]
  name = "github.com/magiconair/properties"
  packages = ["."]
  revision = "de8848e004dd33dc07a2947b3d76f618a7fc7ef1"
  version = "v1.8.1"

[[projects]]
  name = "github.com/mattn/go-colorable"
  packages = ["."]
  revision = "f6c00982823144337e56cdb71c712eaac151d29c"
  version = "v0.1.7"

[[projects]]
  name = "github.com/mattn/go-isatty"
  packages = ["."]
  revision = "7b513a986450394f7bbf1476909911b3aa3a55ce"
  version = "v0.0.12"

[[projects]]
  name = "github.com/mitchellh/mapstructure"
  packages = ["."]
  revision = "9e1e4717f8567d7ead72d070d064ad17d444a67e"
  version = "v1.3.3"

[[projects]]
  name = "github.com/pelletier/go-toml"
  packages = ["."]
  revision = "16c9a8bdc086a2130a88eff98df4088e4c359bb2"
  version = "v1.8.0"

[[projects]]
  name = "github.com/pkg/errors"
  packages = ["."]
  revision = "614d223910a179a466c1767a985424175c39b465"
  version = "v0.9.1"

[[projects]]
  name = "github.com/spf13/afero"
  packages = [".","mem"]
  revision = "799ff74c0fd7e7df974e6ffa1c94e3d206f5673b"
  version = "v1.3.4"

[[projects]]
  name = "github.com/spf13/cast"
  packages = ["."]
  revision = "1ffadf551085444af981432dd0f6d1160c11ec64"
  version = "v1.3.1"

[[projects]]
  name = "github.com/spf13/jwalterweatherman"
  packages = ["."]
  revision = "94f6ae3ed3bceceafa716478c5fbf8d29ca601a1"
  version = "v1.1.0"

[[projects]]
  name = "github.com/spf13/pflag"
  packages = ["."]
  revision = "2e9d26c8c37aae03e3f9d4e90b7116f5accb7cab"
  version = "v1.0.5"

[[projects]]
  name = "github.com/spf13/viper"
  packages = ["."]
  revision = "3826be313591f83193f048520482a7b3cf17d506"
  version = "v1.7.1"

[[projects]]
  name = "github.com/subosito/gotenv"
  packages = ["."]
  revision = "2ef7124db659d49edac6aa459693a15ae36c671a"
  version = "v1.2.0"

[[projects]]
  name = "github.com/valyala/bytebufferpool"
  packages = ["."]
  revision = "e746df99fe4a3986f4d4f79e13c1e0117ce9c2f7"
  version = "v1.0.0"

[[projects]]
  name = "github.com/valyala/fasttemplate"
  packages = ["."]
  revision = "2275c48ed3e40f01fa347e220be31070a89b6ad4"
  version = "v1.2.1"

[[projects]]
  branch = "master"
  name = "github.com/xdg/scram"
  packages = ["."]
  revision = "7eeb5667e42c09cb51bf7b7c28aea8c56767da90"

[[projects]]
  name = "github.com/xdg/stringprep"
  packages = ["."]
  revision = "bd625b8dc1e3b0f57412280ccbcc317f0c69d8db"
  version = "v1.0.0"

[[projects]]
  name = "go.mongodb.org/mongo-driver"
  packages = ["bson","bson/bsoncodec","bson/bsonoptions","bson/bsonrw","bson/bsontype","bson/primitive","event","internal","mongo","mongo/options","mongo/readconcern","mongo/readpref","mongo/writeconcern","tag","version","x/bsonx","x/bsonx/bsoncore","x/mongo/driver","x/mongo/driver/address","x/mongo/driver/auth","x/mongo/driver/auth/internal/gssapi","x/mongo/driver/connstring","x/mongo/driver/description","x/mongo/driver/dns","x/mongo/driver/mongocrypt","x/mongo/driver/mongocrypt/options","x/mongo/driver/ocsp","x/mongo/driver/operation","x/mongo/driver/session","x/mongo/driver/topology","x/mongo/driver/uuid","x/mongo/driver/wiremessage"]
  revision = "f10b4198e74067ceb15c68889c34a2cb4817d766"
  version = "v1.4.0"

[[projects]]
  branch = "master"
  name = "golang.org/x/crypto"
  packages = ["acme","acme/autocert","ocsp","pbkdf2"]
  revision = "123391ffb6de907695e1066dc40c1ff09322aeb6"

[[projects]]
  branch = "master"
  name = "golang.org/x/net"
  packages = ["http/httpguts","http2","http2/h2c","http2/hpack","idna"]
  revision = "3edf25e44fccea9e11b919341e952fca722ef460"

[[projects]]
  branch = "master"
  name = "golang.org/x/sync"
  packages = ["errgroup","semaphore"]
  revision = "6e8e738ad208923de99951fe0b48239bfd864f28"

[[projects]]
  branch = "master"
  name = "golang.org/x/sys"
  packages = ["internal/unsafeheader","unix"]
  revision = "6a926be9bd1de9da2007a5071f42528afca90858"

[[projects]]
  name = "golang.org/x/text"
  packages = ["collate","collate/build","internal/colltab","internal/gen","internal/language","internal/language/compact","internal/tag","internal/triegen","internal/ucd","language","secure/bidirule","transform","unicode/bidi","unicode/cldr","unicode/norm","unicode/rangetable"]
  revision = "23ae387dee1f90d29a23c0e87ee0b46038fbed0e"
  version = "v0.3.3"

[[projects]]
  name = "gopkg.in/ini.v1"
  packages = ["."]
  revision = "29f972a20e4e7ae884c8f71ed63005698d93affa"
  version = "v1.60.0"

[[projects]]
  name = "gopkg.in/yaml.v2"
  packages = ["."]
  revision = "0b1645d91e851e735d3e23330303ce81f70adbe3"
  version = "v2.3.0"

[solve-meta]
  analyzer-name = "dep"
  analyzer-version = 1
  inputs-digest = "2d8c2b25030013959260b464e46136439c2ce76f539365342a1ccbfb766539cf"
  solver-name = "gps-cdcl"
  solver-version = 1
